// !$*UTF8*$!
{
	archiveVersion = 1;
	classes = {
	};
	objectVersion = 50;
	objects = {

/* Begin PBXBuildFile section */
		5A019F42227AF7D700A40ACE /* TodayViewController.swift in Sources */ = {isa = PBXBuildFile; fileRef = 5A019F41227AF7D700A40ACE /* TodayViewController.swift */; };
		5A019F44227AF7E700A40ACE /* AppViewController.swift in Sources */ = {isa = PBXBuildFile; fileRef = 5A019F43227AF7E700A40ACE /* AppViewController.swift */; };
		5A019F46227AF7FD00A40ACE /* SearchViewController.swift in Sources */ = {isa = PBXBuildFile; fileRef = 5A019F45227AF7FD00A40ACE /* SearchViewController.swift */; };
		5A019F50227B0CBD00A40ACE /* SearchResultCell.swift in Sources */ = {isa = PBXBuildFile; fileRef = 5A019F4F227B0CBC00A40ACE /* SearchResultCell.swift */; };
		5A2651BF2271C31A002C917A /* AppDelegate.swift in Sources */ = {isa = PBXBuildFile; fileRef = 5A2651BE2271C31A002C917A /* AppDelegate.swift */; };
		5A2651C12271C31A002C917A /* ViewController.swift in Sources */ = {isa = PBXBuildFile; fileRef = 5A2651C02271C31A002C917A /* ViewController.swift */; };
		5A2651C42271C31A002C917A /* Main.storyboard in Resources */ = {isa = PBXBuildFile; fileRef = 5A2651C22271C31A002C917A /* Main.storyboard */; };
		5A2651C92271C31B002C917A /* LaunchScreen.storyboard in Resources */ = {isa = PBXBuildFile; fileRef = 5A2651C72271C31B002C917A /* LaunchScreen.storyboard */; };
		5A2651D12271EA03002C917A /* MainKeys.swift in Sources */ = {isa = PBXBuildFile; fileRef = 5A2651D02271EA03002C917A /* MainKeys.swift */; };
		5A2651D52271EFD3002C917A /* Assets.xcassets in Resources */ = {isa = PBXBuildFile; fileRef = 5A2651D42271EFD3002C917A /* Assets.xcassets */; };
/* End PBXBuildFile section */

/* Begin PBXFileReference section */
		5A019F41227AF7D700A40ACE /* TodayViewController.swift */ = {isa = PBXFileReference; lastKnownFileType = sourcecode.swift; path = TodayViewController.swift; sourceTree = "<group>"; };
		5A019F43227AF7E700A40ACE /* AppViewController.swift */ = {isa = PBXFileReference; lastKnownFileType = sourcecode.swift; path = AppViewController.swift; sourceTree = "<group>"; };
		5A019F45227AF7FD00A40ACE /* SearchViewController.swift */ = {isa = PBXFileReference; lastKnownFileType = sourcecode.swift; path = SearchViewController.swift; sourceTree = "<group>"; };
		5A019F4F227B0CBC00A40ACE /* SearchResultCell.swift */ = {isa = PBXFileReference; lastKnownFileType = sourcecode.swift; path = SearchResultCell.swift; sourceTree = "<group>"; };
		5A2651BB2271C31A002C917A /* AppStore.app */ = {isa = PBXFileReference; explicitFileType = wrapper.application; includeInIndex = 0; path = AppStore.app; sourceTree = BUILT_PRODUCTS_DIR; };
		5A2651BE2271C31A002C917A /* AppDelegate.swift */ = {isa = PBXFileReference; lastKnownFileType = sourcecode.swift; path = AppDelegate.swift; sourceTree = "<group>"; };
		5A2651C02271C31A002C917A /* ViewController.swift */ = {isa = PBXFileReference; lastKnownFileType = sourcecode.swift; path = ViewController.swift; sourceTree = "<group>"; };
		5A2651C32271C31A002C917A /* Base */ = {isa = PBXFileReference; lastKnownFileType = file.storyboard; name = Base; path = Base.lproj/Main.storyboard; sourceTree = "<group>"; };
		5A2651C82271C31B002C917A /* Base */ = {isa = PBXFileReference; lastKnownFileType = file.storyboard; name = Base; path = Base.lproj/LaunchScreen.storyboard; sourceTree = "<group>"; };
		5A2651CA2271C31B002C917A /* Info.plist */ = {isa = PBXFileReference; lastKnownFileType = text.plist.xml; path = Info.plist; sourceTree = "<group>"; };
		5A2651D02271EA03002C917A /* MainKeys.swift */ = {isa = PBXFileReference; lastKnownFileType = sourcecode.swift; path = MainKeys.swift; sourceTree = "<group>"; };
		5A2651D42271EFD3002C917A /* Assets.xcassets */ = {isa = PBXFileReference; lastKnownFileType = folder.assetcatalog; path = Assets.xcassets; sourceTree = "<group>"; };
/* End PBXFileReference section */

/* Begin PBXFrameworksBuildPhase section */
		5A2651B82271C31A002C917A /* Frameworks */ = {
			isa = PBXFrameworksBuildPhase;
			buildActionMask = 2147483647;
			files = (
			);
			runOnlyForDeploymentPostprocessing = 0;
		};
/* End PBXFrameworksBuildPhase section */

/* Begin PBXGroup section */
		5A019F47227B078F00A40ACE /* InitialScene */ = {
			isa = PBXGroup;
			children = (
				5A019F4E227B083A00A40ACE /* Helpers */,
				5A2651C02271C31A002C917A /* ViewController.swift */,
			);
			path = InitialScene;
			sourceTree = "<group>";
		};
		5A019F48227B07B700A40ACE /* AppScene */ = {
			isa = PBXGroup;
			children = (
				5A019F43227AF7E700A40ACE /* AppViewController.swift */,
				5A019F4D227B080F00A40ACE /* View */,
			);
			path = AppScene;
			sourceTree = "<group>";
		};
		5A019F49227B07C200A40ACE /* SearchScene */ = {
			isa = PBXGroup;
			children = (
				5A019F45227AF7FD00A40ACE /* SearchViewController.swift */,
				5A019F4C227B080800A40ACE /* View */,
			);
			path = SearchScene;
			sourceTree = "<group>";
		};
		5A019F4A227B07D700A40ACE /* TodayScene */ = {
			isa = PBXGroup;
			children = (
				5A019F41227AF7D700A40ACE /* TodayViewController.swift */,
				5A019F4B227B07FA00A40ACE /* View */,
			);
			path = TodayScene;
			sourceTree = "<group>";
		};
		5A019F4B227B07FA00A40ACE /* View */ = {
			isa = PBXGroup;
			children = (
			);
			path = View;
			sourceTree = "<group>";
		};
		5A019F4C227B080800A40ACE /* View */ = {
			isa = PBXGroup;
			children = (
			);
			path = View;
			sourceTree = "<group>";
		};
		5A019F4D227B080F00A40ACE /* View */ = {
			isa = PBXGroup;
			children = (
				5A019F4F227B0CBC00A40ACE /* SearchResultCell.swift */,
			);
			path = View;
			sourceTree = "<group>";
		};
		5A019F4E227B083A00A40ACE /* Helpers */ = {
			isa = PBXGroup;
			children = (
				5A2651D02271EA03002C917A /* MainKeys.swift */,
			);
			path = Helpers;
			sourceTree = "<group>";
		};
		5A2651B22271C31A002C917A = {
			isa = PBXGroup;
			children = (
				5A2651BD2271C31A002C917A /* AppStore */,
				5A2651BC2271C31A002C917A /* Products */,
			);
			sourceTree = "<group>";
		};
		5A2651BC2271C31A002C917A /* Products */ = {
			isa = PBXGroup;
			children = (
				5A2651BB2271C31A002C917A /* AppStore.app */,
			);
			name = Products;
			sourceTree = "<group>";
		};
		5A2651BD2271C31A002C917A /* AppStore */ = {
			isa = PBXGroup;
			children = (
				5A019F4A227B07D700A40ACE /* TodayScene */,
				5A019F49227B07C200A40ACE /* SearchScene */,
				5A019F48227B07B700A40ACE /* AppScene */,
				5A019F47227B078F00A40ACE /* InitialScene */,
				5A2651D42271EFD3002C917A /* Assets.xcassets */,
				5A2651BE2271C31A002C917A /* AppDelegate.swift */,
				5A2651C22271C31A002C917A /* Main.storyboard */,
				5A2651C72271C31B002C917A /* LaunchScreen.storyboard */,
				5A2651CA2271C31B002C917A /* Info.plist */,
			);
			path = AppStore;
			sourceTree = "<group>";
		};
/* End PBXGroup section */

/* Begin PBXNativeTarget section */
		5A2651BA2271C31A002C917A /* AppStore */ = {
			isa = PBXNativeTarget;
			buildConfigurationList = 5A2651CD2271C31B002C917A /* Build configuration list for PBXNativeTarget "AppStore" */;
			buildPhases = (
				5A2651B72271C31A002C917A /* Sources */,
				5A2651B82271C31A002C917A /* Frameworks */,
				5A2651B92271C31A002C917A /* Resources */,
			);
			buildRules = (
			);
			dependencies = (
			);
			name = AppStore;
			productName = AppStore;
			productReference = 5A2651BB2271C31A002C917A /* AppStore.app */;
			productType = "com.apple.product-type.application";
		};
/* End PBXNativeTarget section */

/* Begin PBXProject section */
		5A2651B32271C31A002C917A /* Project object */ = {
			isa = PBXProject;
			attributes = {
				LastSwiftUpdateCheck = 1020;
				LastUpgradeCheck = 1020;
				ORGANIZATIONNAME = "Роман";
				TargetAttributes = {
					5A2651BA2271C31A002C917A = {
						CreatedOnToolsVersion = 10.2.1;
					};
				};
			};
			buildConfigurationList = 5A2651B62271C31A002C917A /* Build configuration list for PBXProject "AppStore" */;
			compatibilityVersion = "Xcode 9.3";
			developmentRegion = en;
			hasScannedForEncodings = 0;
			knownRegions = (
				en,
				Base,
			);
			mainGroup = 5A2651B22271C31A002C917A;
			productRefGroup = 5A2651BC2271C31A002C917A /* Products */;
			projectDirPath = "";
			projectRoot = "";
			targets = (
				5A2651BA2271C31A002C917A /* AppStore */,
			);
		};
/* End PBXProject section */

/* Begin PBXResourcesBuildPhase section */
		5A2651B92271C31A002C917A /* Resources */ = {
			isa = PBXResourcesBuildPhase;
			buildActionMask = 2147483647;
			files = (
				5A2651C92271C31B002C917A /* LaunchScreen.storyboard in Resources */,
				5A2651D52271EFD3002C917A /* Assets.xcassets in Resources */,
				5A2651C42271C31A002C917A /* Main.storyboard in Resources */,
			);
			runOnlyForDeploymentPostprocessing = 0;
		};
/* End PBXResourcesBuildPhase section */

/* Begin PBXSourcesBuildPhase section */
		5A2651B72271C31A002C917A /* Sources */ = {
			isa = PBXSourcesBuildPhase;
			buildActionMask = 2147483647;
			files = (
				5A019F50227B0CBD00A40ACE /* SearchResultCell.swift in Sources */,
				5A019F46227AF7FD00A40ACE /* SearchViewController.swift in Sources */,
				5A019F44227AF7E700A40ACE /* AppViewController.swift in Sources */,
				5A019F42227AF7D700A40ACE /* TodayViewController.swift in Sources */,
				5A2651C12271C31A002C917A /* ViewController.swift in Sources */,
				5A2651BF2271C31A002C917A /* AppDelegate.swift in Sources */,
				5A2651D12271EA03002C917A /* MainKeys.swift in Sources */,
			);
			runOnlyForDeploymentPostprocessing = 0;
		};
/* End PBXSourcesBuildPhase section */

/* Begin PBXVariantGroup section */
		5A2651C22271C31A002C917A /* Main.storyboard */ = {
			isa = PBXVariantGroup;
			children = (
				5A2651C32271C31A002C917A /* Base */,
			);
			name = Main.storyboard;
			sourceTree = "<group>";
		};
		5A2651C72271C31B002C917A /* LaunchScreen.storyboard */ = {
			isa = PBXVariantGroup;
			children = (
				5A2651C82271C31B002C917A /* Base */,
			);
			name = LaunchScreen.storyboard;
			sourceTree = "<group>";
		};
/* End PBXVariantGroup section */

/* Begin XCBuildConfiguration section */
		5A2651CB2271C31B002C917A /* Debug */ = {
			isa = XCBuildConfiguration;
			buildSettings = {
				ALWAYS_SEARCH_USER_PATHS = NO;
				CLANG_ANALYZER_NONNULL = YES;
				CLANG_ANALYZER_NUMBER_OBJECT_CONVERSION = YES_AGGRESSIVE;
				CLANG_CXX_LANGUAGE_STANDARD = "gnu++14";
				CLANG_CXX_LIBRARY = "libc++";
				CLANG_ENABLE_MODULES = YES;
				CLANG_ENABLE_OBJC_ARC = YES;
				CLANG_ENABLE_OBJC_WEAK = YES;
				CLANG_WARN_BLOCK_CAPTURE_AUTORELEASING = YES;
				CLANG_WARN_BOOL_CONVERSION = YES;
				CLANG_WARN_COMMA = YES;
				CLANG_WARN_CONSTANT_CONVERSION = YES;
				CLANG_WARN_DEPRECATED_OBJC_IMPLEMENTATIONS = YES;
				CLANG_WARN_DIRECT_OBJC_ISA_USAGE = YES_ERROR;
				CLANG_WARN_DOCUMENTATION_COMMENTS = YES;
				CLANG_WARN_EMPTY_BODY = YES;
				CLANG_WARN_ENUM_CONVERSION = YES;
				CLANG_WARN_INFINITE_RECURSION = YES;
				CLANG_WARN_INT_CONVERSION = YES;
				CLANG_WARN_NON_LITERAL_NULL_CONVERSION = YES;
				CLANG_WARN_OBJC_IMPLICIT_RETAIN_SELF = YES;
				CLANG_WARN_OBJC_LITERAL_CONVERSION = YES;
				CLANG_WARN_OBJC_ROOT_CLASS = YES_ERROR;
				CLANG_WARN_RANGE_LOOP_ANALYSIS = YES;
				CLANG_WARN_STRICT_PROTOTYPES = YES;
				CLANG_WARN_SUSPICIOUS_MOVE = YES;
				CLANG_WARN_UNGUARDED_AVAILABILITY = YES_AGGRESSIVE;
				CLANG_WARN_UNREACHABLE_CODE = YES;
				CLANG_WARN__DUPLICATE_METHOD_MATCH = YES;
				CODE_SIGN_IDENTITY = "iPhone Developer";
				COPY_PHASE_STRIP = NO;
				DEBUG_INFORMATION_FORMAT = dwarf;
				ENABLE_STRICT_OBJC_MSGSEND = YES;
				ENABLE_TESTABILITY = YES;
				GCC_C_LANGUAGE_STANDARD = gnu11;
				GCC_DYNAMIC_NO_PIC = NO;
				GCC_NO_COMMON_BLOCKS = YES;
				GCC_OPTIMIZATION_LEVEL = 0;
				GCC_PREPROCESSOR_DEFINITIONS = (
					"DEBUG=1",
					"$(inherited)",
				);
				GCC_WARN_64_TO_32_BIT_CONVERSION = YES;
				GCC_WARN_ABOUT_RETURN_TYPE = YES_ERROR;
				GCC_WARN_UNDECLARED_SELECTOR = YES;
				GCC_WARN_UNINITIALIZED_AUTOS = YES_AGGRESSIVE;
				GCC_WARN_UNUSED_FUNCTION = YES;
				GCC_WARN_UNUSED_VARIABLE = YES;
				IPHONEOS_DEPLOYMENT_TARGET = 12.2;
				MTL_ENABLE_DEBUG_INFO = INCLUDE_SOURCE;
				MTL_FAST_MATH = YES;
				ONLY_ACTIVE_ARCH = YES;
				SDKROOT = iphoneos;
				SWIFT_ACTIVE_COMPILATION_CONDITIONS = DEBUG;
				SWIFT_OPTIMIZATION_LEVEL = "-Onone";
			};
			name = Debug;
		};
		5A2651CC2271C31B002C917A /* Release */ = {
			isa = XCBuildConfiguration;
			buildSettings = {
				ALWAYS_SEARCH_USER_PATHS = NO;
				CLANG_ANALYZER_NONNULL = YES;
				CLANG_ANALYZER_NUMBER_OBJECT_CONVERSION = YES_AGGRESSIVE;
				CLANG_CXX_LANGUAGE_STANDARD = "gnu++14";
				CLANG_CXX_LIBRARY = "libc++";
				CLANG_ENABLE_MODULES = YES;
				CLANG_ENABLE_OBJC_ARC = YES;
				CLANG_ENABLE_OBJC_WEAK = YES;
				CLANG_WARN_BLOCK_CAPTURE_AUTORELEASING = YES;
				CLANG_WARN_BOOL_CONVERSION = YES;
				CLANG_WARN_COMMA = YES;
				CLANG_WARN_CONSTANT_CONVERSION = YES;
				CLANG_WARN_DEPRECATED_OBJC_IMPLEMENTATIONS = YES;
				CLANG_WARN_DIRECT_OBJC_ISA_USAGE = YES_ERROR;
				CLANG_WARN_DOCUMENTATION_COMMENTS = YES;
				CLANG_WARN_EMPTY_BODY = YES;
				CLANG_WARN_ENUM_CONVERSION = YES;
				CLANG_WARN_INFINITE_RECURSION = YES;
				CLANG_WARN_INT_CONVERSION = YES;
				CLANG_WARN_NON_LITERAL_NULL_CONVERSION = YES;
				CLANG_WARN_OBJC_IMPLICIT_RETAIN_SELF = YES;
				CLANG_WARN_OBJC_LITERAL_CONVERSION = YES;
				CLANG_WARN_OBJC_ROOT_CLASS = YES_ERROR;
				CLANG_WARN_RANGE_LOOP_ANALYSIS = YES;
				CLANG_WARN_STRICT_PROTOTYPES = YES;
				CLANG_WARN_SUSPICIOUS_MOVE = YES;
				CLANG_WARN_UNGUARDED_AVAILABILITY = YES_AGGRESSIVE;
				CLANG_WARN_UNREACHABLE_CODE = YES;
				CLANG_WARN__DUPLICATE_METHOD_MATCH = YES;
				CODE_SIGN_IDENTITY = "iPhone Developer";
				COPY_PHASE_STRIP = NO;
				DEBUG_INFORMATION_FORMAT = "dwarf-with-dsym";
				ENABLE_NS_ASSERTIONS = NO;
				ENABLE_STRICT_OBJC_MSGSEND = YES;
				GCC_C_LANGUAGE_STANDARD = gnu11;
				GCC_NO_COMMON_BLOCKS = YES;
				GCC_WARN_64_TO_32_BIT_CONVERSION = YES;
				GCC_WARN_ABOUT_RETURN_TYPE = YES_ERROR;
				GCC_WARN_UNDECLARED_SELECTOR = YES;
				GCC_WARN_UNINITIALIZED_AUTOS = YES_AGGRESSIVE;
				GCC_WARN_UNUSED_FUNCTION = YES;
				GCC_WARN_UNUSED_VARIABLE = YES;
				IPHONEOS_DEPLOYMENT_TARGET = 12.2;
				MTL_ENABLE_DEBUG_INFO = NO;
				MTL_FAST_MATH = YES;
				SDKROOT = iphoneos;
				SWIFT_COMPILATION_MODE = wholemodule;
				SWIFT_OPTIMIZATION_LEVEL = "-O";
				VALIDATE_PRODUCT = YES;
			};
			name = Release;
		};
		5A2651CE2271C31B002C917A /* Debug */ = {
			isa = XCBuildConfiguration;
			buildSettings = {
				ASSETCATALOG_COMPILER_APPICON_NAME = AppIcon;
				CODE_SIGN_STYLE = Automatic;
				INFOPLIST_FILE = AppStore/Info.plist;
				LD_RUNPATH_SEARCH_PATHS = (
					"$(inherited)",
					"@executable_path/Frameworks",
				);
				PRODUCT_BUNDLE_IDENTIFIER = com.rtishman.AppStore;
				PRODUCT_NAME = "$(TARGET_NAME)";
				SWIFT_VERSION = 5.0;
				TARGETED_DEVICE_FAMILY = "1,2";
			};
			name = Debug;
		};
		5A2651CF2271C31B002C917A /* Release */ = {
			isa = XCBuildConfiguration;
			buildSettings = {
				ASSETCATALOG_COMPILER_APPICON_NAME = AppIcon;
				CODE_SIGN_STYLE = Automatic;
				INFOPLIST_FILE = AppStore/Info.plist;
				LD_RUNPATH_SEARCH_PATHS = (
					"$(inherited)",
					"@executable_path/Frameworks",
				);
				PRODUCT_BUNDLE_IDENTIFIER = com.rtishman.AppStore;
				PRODUCT_NAME = "$(TARGET_NAME)";
				SWIFT_VERSION = 5.0;
				TARGETED_DEVICE_FAMILY = "1,2";
			};
			name = Release;
		};
/* End XCBuildConfiguration section */

/* Begin XCConfigurationList section */
		5A2651B62271C31A002C917A /* Build configuration list for PBXProject "AppStore" */ = {
			isa = XCConfigurationList;
			buildConfigurations = (
				5A2651CB2271C31B002C917A /* Debug */,
				5A2651CC2271C31B002C917A /* Release */,
			);
			defaultConfigurationIsVisible = 0;
			defaultConfigurationName = Release;
		};
		5A2651CD2271C31B002C917A /* Build configuration list for PBXNativeTarget "AppStore" */ = {
			isa = XCConfigurationList;
			buildConfigurations = (
				5A2651CE2271C31B002C917A /* Debug */,
				5A2651CF2271C31B002C917A /* Release */,
			);
			defaultConfigurationIsVisible = 0;
			defaultConfigurationName = Release;
		};
/* End XCConfigurationList section */
	};
	rootObject = 5A2651B32271C31A002C917A /* Project object */;
}
